
Microsoft Visual Studio Solution File, Format Version 12.00
# Visual Studio 15
VisualStudioVersion = 15.0.28010.2046
MinimumVisualStudioVersion = 10.0.40219.1
Project("{FAE04EC0-301F-11D3-BF4B-00C04F79EFBC}") = "Customer_Contact", "Customer_Contact\Customer_Contact.csproj", "{1D194B78-D184-4FFA-B66D-744422F417E9}"
EndProject
Project("{FAE04EC0-301F-11D3-BF4B-00C04F79EFBC}") = "Entities", "Entities\Entities.csproj", "{463034DB-4FE7-43C4-A978-6B70801A0BB8}"
EndProject
Project("{FAE04EC0-301F-11D3-BF4B-00C04F79EFBC}") = "Infra", "Infra\Infra.csproj", "{964B2FDD-4BBA-4DC6-A649-8F2E43C20863}"
EndProject
Project("{FAE04EC0-301F-11D3-BF4B-00C04F79EFBC}") = "Domain", "Domain\Domain.csproj", "{6E5CFB59-D869-4331-8F0E-3E6DEB368D1A}"
EndProject
Global
	GlobalSection(SolutionConfigurationPlatforms) = preSolution
		Debug|Any CPU = Debug|Any CPU
		Release|Any CPU = Release|Any CPU
	EndGlobalSection
	GlobalSection(ProjectConfigurationPlatforms) = postSolution
		{1D194B78-D184-4FFA-B66D-744422F417E9}.Debug|Any CPU.ActiveCfg = Debug|Any CPU
		{1D194B78-D184-4FFA-B66D-744422F417E9}.Debug|Any CPU.Build.0 = Debug|Any CPU
		{1D194B78-D184-4FFA-B66D-744422F417E9}.Release|Any CPU.ActiveCfg = Release|Any CPU
		{1D194B78-D184-4FFA-B66D-744422F417E9}.Release|Any CPU.Build.0 = Release|Any CPU
		{463034DB-4FE7-43C4-A978-6B70801A0BB8}.Debug|Any CPU.ActiveCfg = Debug|Any CPU
		{463034DB-4FE7-43C4-A978-6B70801A0BB8}.Debug|Any CPU.Build.0 = Debug|Any CPU
		{463034DB-4FE7-43C4-A978-6B70801A0BB8}.Release|Any CPU.ActiveCfg = Release|Any CPU
		{463034DB-4FE7-43C4-A978-6B70801A0BB8}.Release|Any CPU.Build.0 = Release|Any CPU
		{964B2FDD-4BBA-4DC6-A649-8F2E43C20863}.Debug|Any CPU.ActiveCfg = Debug|Any CPU
		{964B2FDD-4BBA-4DC6-A649-8F2E43C20863}.Debug|Any CPU.Build.0 = Debug|Any CPU
		{964B2FDD-4BBA-4DC6-A649-8F2E43C20863}.Release|Any CPU.ActiveCfg = Release|Any CPU
		{964B2FDD-4BBA-4DC6-A649-8F2E43C20863}.Release|Any CPU.Build.0 = Release|Any CPU
		{6E5CFB59-D869-4331-8F0E-3E6DEB368D1A}.Debug|Any CPU.ActiveCfg = Debug|Any CPU
		{6E5CFB59-D869-4331-8F0E-3E6DEB368D1A}.Debug|Any CPU.Build.0 = Debug|Any CPU
		{6E5CFB59-D869-4331-8F0E-3E6DEB368D1A}.Release|Any CPU.ActiveCfg = Release|Any CPU
		{6E5CFB59-D869-4331-8F0E-3E6DEB368D1A}.Release|Any CPU.Build.0 = Release|Any CPU
	EndGlobalSection
	GlobalSection(SolutionProperties) = preSolution
		HideSolutionNode = FALSE
	EndGlobalSection
	GlobalSection(ExtensibilityGlobals) = postSolution
		SolutionGuid = {4D72B2AC-A497-4E52-B143-2DABDF5AFE1E}
	EndGlobalSection
EndGlobal
